
Microsoft Visual Studio Solution File, Format Version 12.00
# Visual Studio Version 17
VisualStudioVersion = 17.0.31903.59
MinimumVisualStudioVersion = 10.0.40219.1
Project("{FAE04EC0-301F-11D3-BF4B-00C04F79EFBC}") = "HowManyOfThistype", "HowManyOfThistype\HowManyOfThistype.csproj", "{58D21210-B6AA-403B-8F42-70BE6E070FC1}"
EndProject
Project("{FAE04EC0-301F-11D3-BF4B-00C04F79EFBC}") = "TheyCameBefore", "TheyCameBefore\TheyCameBefore.csproj", "{0E805AE5-F53C-438B-B6AA-2F502FFA801D}"
EndProject
Project("{FAE04EC0-301F-11D3-BF4B-00C04F79EFBC}") = "MyGenericClass", "MyGenericClass\MyGenericClass.csproj", "{F2C6CA7B-D444-4B92-9E45-35502A7C68A9}"
EndProject
Project("{FAE04EC0-301F-11D3-BF4B-00C04F79EFBC}") = "MyEnumerable", "MyEnumerable\MyEnumerable.csproj", "{19627943-FB1C-4526-99AF-41B16BC3BE35}"
EndProject
Project("{FAE04EC0-301F-11D3-BF4B-00C04F79EFBC}") = "JustlikeACollection", "JustlikeACollection\JustlikeACollection.csproj", "{BF6A3CF0-67F1-49A4-9E6A-D479830C0850}"
EndProject
Global
	GlobalSection(SolutionConfigurationPlatforms) = preSolution
		Debug|Any CPU = Debug|Any CPU
		Debug|x64 = Debug|x64
		Debug|x86 = Debug|x86
		Release|Any CPU = Release|Any CPU
		Release|x64 = Release|x64
		Release|x86 = Release|x86
	EndGlobalSection
	GlobalSection(ProjectConfigurationPlatforms) = postSolution
		{58D21210-B6AA-403B-8F42-70BE6E070FC1}.Debug|Any CPU.ActiveCfg = Debug|Any CPU
		{58D21210-B6AA-403B-8F42-70BE6E070FC1}.Debug|Any CPU.Build.0 = Debug|Any CPU
		{58D21210-B6AA-403B-8F42-70BE6E070FC1}.Debug|x64.ActiveCfg = Debug|Any CPU
		{58D21210-B6AA-403B-8F42-70BE6E070FC1}.Debug|x64.Build.0 = Debug|Any CPU
		{58D21210-B6AA-403B-8F42-70BE6E070FC1}.Debug|x86.ActiveCfg = Debug|Any CPU
		{58D21210-B6AA-403B-8F42-70BE6E070FC1}.Debug|x86.Build.0 = Debug|Any CPU
		{58D21210-B6AA-403B-8F42-70BE6E070FC1}.Release|Any CPU.ActiveCfg = Release|Any CPU
		{58D21210-B6AA-403B-8F42-70BE6E070FC1}.Release|Any CPU.Build.0 = Release|Any CPU
		{58D21210-B6AA-403B-8F42-70BE6E070FC1}.Release|x64.ActiveCfg = Release|Any CPU
		{58D21210-B6AA-403B-8F42-70BE6E070FC1}.Release|x64.Build.0 = Release|Any CPU
		{58D21210-B6AA-403B-8F42-70BE6E070FC1}.Release|x86.ActiveCfg = Release|Any CPU
		{58D21210-B6AA-403B-8F42-70BE6E070FC1}.Release|x86.Build.0 = Release|Any CPU
		{0E805AE5-F53C-438B-B6AA-2F502FFA801D}.Debug|Any CPU.ActiveCfg = Debug|Any CPU
		{0E805AE5-F53C-438B-B6AA-2F502FFA801D}.Debug|Any CPU.Build.0 = Debug|Any CPU
		{0E805AE5-F53C-438B-B6AA-2F502FFA801D}.Debug|x64.ActiveCfg = Debug|Any CPU
		{0E805AE5-F53C-438B-B6AA-2F502FFA801D}.Debug|x64.Build.0 = Debug|Any CPU
		{0E805AE5-F53C-438B-B6AA-2F502FFA801D}.Debug|x86.ActiveCfg = Debug|Any CPU
		{0E805AE5-F53C-438B-B6AA-2F502FFA801D}.Debug|x86.Build.0 = Debug|Any CPU
		{0E805AE5-F53C-438B-B6AA-2F502FFA801D}.Release|Any CPU.ActiveCfg = Release|Any CPU
		{0E805AE5-F53C-438B-B6AA-2F502FFA801D}.Release|Any CPU.Build.0 = Release|Any CPU
		{0E805AE5-F53C-438B-B6AA-2F502FFA801D}.Release|x64.ActiveCfg = Release|Any CPU
		{0E805AE5-F53C-438B-B6AA-2F502FFA801D}.Release|x64.Build.0 = Release|Any CPU
		{0E805AE5-F53C-438B-B6AA-2F502FFA801D}.Release|x86.ActiveCfg = Release|Any CPU
		{0E805AE5-F53C-438B-B6AA-2F502FFA801D}.Release|x86.Build.0 = Release|Any CPU
		{F2C6CA7B-D444-4B92-9E45-35502A7C68A9}.Debug|Any CPU.ActiveCfg = Debug|Any CPU
		{F2C6CA7B-D444-4B92-9E45-35502A7C68A9}.Debug|Any CPU.Build.0 = Debug|Any CPU
		{F2C6CA7B-D444-4B92-9E45-35502A7C68A9}.Debug|x64.ActiveCfg = Debug|Any CPU
		{F2C6CA7B-D444-4B92-9E45-35502A7C68A9}.Debug|x64.Build.0 = Debug|Any CPU
		{F2C6CA7B-D444-4B92-9E45-35502A7C68A9}.Debug|x86.ActiveCfg = Debug|Any CPU
		{F2C6CA7B-D444-4B92-9E45-35502A7C68A9}.Debug|x86.Build.0 = Debug|Any CPU
		{F2C6CA7B-D444-4B92-9E45-35502A7C68A9}.Release|Any CPU.ActiveCfg = Release|Any CPU
		{F2C6CA7B-D444-4B92-9E45-35502A7C68A9}.Release|Any CPU.Build.0 = Release|Any CPU
		{F2C6CA7B-D444-4B92-9E45-35502A7C68A9}.Release|x64.ActiveCfg = Release|Any CPU
		{F2C6CA7B-D444-4B92-9E45-35502A7C68A9}.Release|x64.Build.0 = Release|Any CPU
		{F2C6CA7B-D444-4B92-9E45-35502A7C68A9}.Release|x86.ActiveCfg = Release|Any CPU
		{F2C6CA7B-D444-4B92-9E45-35502A7C68A9}.Release|x86.Build.0 = Release|Any CPU
		{19627943-FB1C-4526-99AF-41B16BC3BE35}.Debug|Any CPU.ActiveCfg = Debug|Any CPU
		{19627943-FB1C-4526-99AF-41B16BC3BE35}.Debug|Any CPU.Build.0 = Debug|Any CPU
		{19627943-FB1C-4526-99AF-41B16BC3BE35}.Debug|x64.ActiveCfg = Debug|Any CPU
		{19627943-FB1C-4526-99AF-41B16BC3BE35}.Debug|x64.Build.0 = Debug|Any CPU
		{19627943-FB1C-4526-99AF-41B16BC3BE35}.Debug|x86.ActiveCfg = Debug|Any CPU
		{19627943-FB1C-4526-99AF-41B16BC3BE35}.Debug|x86.Build.0 = Debug|Any CPU
		{19627943-FB1C-4526-99AF-41B16BC3BE35}.Release|Any CPU.ActiveCfg = Release|Any CPU
		{19627943-FB1C-4526-99AF-41B16BC3BE35}.Release|Any CPU.Build.0 = Release|Any CPU
		{19627943-FB1C-4526-99AF-41B16BC3BE35}.Release|x64.ActiveCfg = Release|Any CPU
		{19627943-FB1C-4526-99AF-41B16BC3BE35}.Release|x64.Build.0 = Release|Any CPU
		{19627943-FB1C-4526-99AF-41B16BC3BE35}.Release|x86.ActiveCfg = Release|Any CPU
		{19627943-FB1C-4526-99AF-41B16BC3BE35}.Release|x86.Build.0 = Release|Any CPU
		{BF6A3CF0-67F1-49A4-9E6A-D479830C0850}.Debug|Any CPU.ActiveCfg = Debug|Any CPU
		{BF6A3CF0-67F1-49A4-9E6A-D479830C0850}.Debug|Any CPU.Build.0 = Debug|Any CPU
		{BF6A3CF0-67F1-49A4-9E6A-D479830C0850}.Debug|x64.ActiveCfg = Debug|Any CPU
		{BF6A3CF0-67F1-49A4-9E6A-D479830C0850}.Debug|x64.Build.0 = Debug|Any CPU
		{BF6A3CF0-67F1-49A4-9E6A-D479830C0850}.Debug|x86.ActiveCfg = Debug|Any CPU
		{BF6A3CF0-67F1-49A4-9E6A-D479830C0850}.Debug|x86.Build.0 = Debug|Any CPU
		{BF6A3CF0-67F1-49A4-9E6A-D479830C0850}.Release|Any CPU.ActiveCfg = Release|Any CPU
		{BF6A3CF0-67F1-49A4-9E6A-D479830C0850}.Release|Any CPU.Build.0 = Release|Any CPU
		{BF6A3CF0-67F1-49A4-9E6A-D479830C0850}.Release|x64.ActiveCfg = Release|Any CPU
		{BF6A3CF0-67F1-49A4-9E6A-D479830C0850}.Release|x64.Build.0 = Release|Any CPU
		{BF6A3CF0-67F1-49A4-9E6A-D479830C0850}.Release|x86.ActiveCfg = Release|Any CPU
		{BF6A3CF0-67F1-49A4-9E6A-D479830C0850}.Release|x86.Build.0 = Release|Any CPU
	EndGlobalSection
	GlobalSection(SolutionProperties) = preSolution
		HideSolutionNode = FALSE
	EndGlobalSection
EndGlobal
